github.com/clong1995/go-config v0.0.0-20241014034831-1046ca1206d6 h1:sGMsM5s7fqlR5NuBZX5UHvu70MYn2NanyCdYdhPXSKs=
github.com/clong1995/go-config v0.0.0-20241014034831-1046ca1206d6/go.mod h1:U+8aUkJjLYIimbrAobYsvM/GBDOgPjFZQaAqE2mL0GM=
github.com/clong1995/go-config v0.0.0-20241018013119-7c9eb1a671ac h1:sTLgn8sqKxvvnfdrEdwnDc4Rd7+F9vyum0u1b657fl0=
github.com/clong1995/go-config v0.0.0-20241018013119-7c9eb1a671ac/go.mod h1:U+8aUkJjLYIimbrAobYsvM/GBDOgPjFZQaAqE2mL0GM=
github.com/sony/sonyflake v1.2.0 h1:Pfr3A+ejSg+0SPqpoAmQgEtNDAhc2G1SUYk205qVMLQ=
github.com/sony/sonyflake v1.2.0/go.mod h1:LORtCywH/cq10ZbyfhKrHYgAUGH7mOBa76enV9txy/Y=
